# This file is automatically @generated by Cargo.
# It is not intended for manual editing.
version = 3

[[package]]
name = "bitschess"
version = "0.1.0"
source = "git+https://github.com/miklaskarjalainen/BitsChess.git#e7b76b43595ebc242eef15c62432cf073e7f02a7"
dependencies = [
 "lazy_static",
]

[[package]]
name = "giffibot"
version = "0.1.0"
dependencies = [
 "bitschess",
]

[[package]]
name = "lazy_static"
version = "1.4.0"
source = "registry+https://github.com/rust-lang/crates.io-index"
checksum = "e2abad23fbc42b3700f2f279844dc832adb2b2eb069b2df918f455c4e18cc646"
